{
  "requires": true,
  "lockfileVersion": 1,
  "dependencies": {
    "jquery": {
      "version": "3.6.0",
      "resolved": "https://registry.npmjs.org/jquery/-/jquery-3.6.0.tgz",
      "integrity": "sha512-JVzAR/AjBvVt2BmYhxRCSYysDsPcssdmTFnzyLEts9qNwmjmu4JTAMYubEfwVOSwpQ1I1sKKFcxhZCI2buerfw=="
    },
    "spin.js": {
      "version": "4.1.0",
      "resolved": "https://registry.npmjs.org/spin.js/-/spin.js-4.1.0.tgz",
      "integrity": "sha512-WI8O1OdJlKjialIhB9Z5RfFFM4pI7Hohik76bB3N4Ep3N/vTDPZiRU8QeefyLbmpI5n2bFQXgticl2g+/KiKYA=="
    }
  }
}
